// !$*UTF8*$!
{
	archiveVersion = 1;
	classes = {
	};
	objectVersion = 56;
	objects = {

/* Begin PBXBuildFile section */
		750E8D322A5C45FE004C62FF /* TwitterUser.swift in Sources */ = {isa = PBXBuildFile; fileRef = 750E8D312A5C45FE004C62FF /* TwitterUser.swift */; };
		750E8D342A5C6541004C62FF /* DatabaseManager.swift in Sources */ = {isa = PBXBuildFile; fileRef = 750E8D332A5C6541004C62FF /* DatabaseManager.swift */; };
		750E8D362A5C6E3D004C62FF /* HomeViewViewModel.swift in Sources */ = {isa = PBXBuildFile; fileRef = 750E8D352A5C6E3D004C62FF /* HomeViewViewModel.swift */; };
		750E8D382A5C9D2A004C62FF /* ProfileDataFormViewController.swift in Sources */ = {isa = PBXBuildFile; fileRef = 750E8D372A5C9D2A004C62FF /* ProfileDataFormViewController.swift */; };
		750E8D3A2A5C9F55004C62FF /* ProfileDataFormViewViewModel.swift in Sources */ = {isa = PBXBuildFile; fileRef = 750E8D392A5C9F55004C62FF /* ProfileDataFormViewViewModel.swift */; };
		752248372A5B1E1A00E3CE4B /* LoginViewController.swift in Sources */ = {isa = PBXBuildFile; fileRef = 752248362A5B1E1A00E3CE4B /* LoginViewController.swift */; };
		752F0BE92A59C328003E37FC /* AuthenticationViewModel.swift in Sources */ = {isa = PBXBuildFile; fileRef = 752F0BE82A59C328003E37FC /* AuthenticationViewModel.swift */; };
		752F0BEE2A59F68D003E37FC /* AuthManager.swift in Sources */ = {isa = PBXBuildFile; fileRef = 752F0BED2A59F68D003E37FC /* AuthManager.swift */; };
		75584D722A5865950074F94D /* RegisterViewController.swift in Sources */ = {isa = PBXBuildFile; fileRef = 75584D712A5865950074F94D /* RegisterViewController.swift */; };
		756C86982A4F6F9200E5D9F1 /* TweetTableViewCell.swift in Sources */ = {isa = PBXBuildFile; fileRef = 756C86972A4F6F9200E5D9F1 /* TweetTableViewCell.swift */; };
		756EBA562A6471AE00E68755 /* Tweet.swift in Sources */ = {isa = PBXBuildFile; fileRef = 756EBA552A6471AE00E68755 /* Tweet.swift */; };
		756EBA582A6477A900E68755 /* TweetComposeViewViewModel.swift in Sources */ = {isa = PBXBuildFile; fileRef = 756EBA572A6477A900E68755 /* TweetComposeViewViewModel.swift */; };
		758908352A6098FA0079E5C6 /* StoreManager.swift in Sources */ = {isa = PBXBuildFile; fileRef = 758908342A6098FA0079E5C6 /* StoreManager.swift */; };
		758BE9372A4DF88A0054E527 /* AppDelegate.swift in Sources */ = {isa = PBXBuildFile; fileRef = 758BE9362A4DF88A0054E527 /* AppDelegate.swift */; };
		758BE9392A4DF88A0054E527 /* SceneDelegate.swift in Sources */ = {isa = PBXBuildFile; fileRef = 758BE9382A4DF88A0054E527 /* SceneDelegate.swift */; };
		758BE93B2A4DF88A0054E527 /* MainTabbarViewController.swift in Sources */ = {isa = PBXBuildFile; fileRef = 758BE93A2A4DF88A0054E527 /* MainTabbarViewController.swift */; };
		758BE9402A4DF88D0054E527 /* Assets.xcassets in Resources */ = {isa = PBXBuildFile; fileRef = 758BE93F2A4DF88D0054E527 /* Assets.xcassets */; };
		758BE9432A4DF88D0054E527 /* LaunchScreen.storyboard in Resources */ = {isa = PBXBuildFile; fileRef = 758BE9412A4DF88D0054E527 /* LaunchScreen.storyboard */; };
		758BE94D2A4E260B0054E527 /* HomeViewController.swift in Sources */ = {isa = PBXBuildFile; fileRef = 758BE94C2A4E260B0054E527 /* HomeViewController.swift */; };
		758BE94F2A4E26200054E527 /* SearchViewController.swift in Sources */ = {isa = PBXBuildFile; fileRef = 758BE94E2A4E26200054E527 /* SearchViewController.swift */; };
		758BE9512A4E263A0054E527 /* NotificationsViewController.swift in Sources */ = {isa = PBXBuildFile; fileRef = 758BE9502A4E263A0054E527 /* NotificationsViewController.swift */; };
		758BE9532A4E26530054E527 /* DirectMessagesViewController.swift in Sources */ = {isa = PBXBuildFile; fileRef = 758BE9522A4E26530054E527 /* DirectMessagesViewController.swift */; };
		758E48E92A631FE9001B2F32 /* Extension+UIColor.swift in Sources */ = {isa = PBXBuildFile; fileRef = 758E48E82A631FE9001B2F32 /* Extension+UIColor.swift */; };
		758E48EB2A633BFE001B2F32 /* TweetComposeViewController.swift in Sources */ = {isa = PBXBuildFile; fileRef = 758E48EA2A633BFE001B2F32 /* TweetComposeViewController.swift */; };
		7596CA492A532878006EFFD0 /* ProfileTableViewHeader.swift in Sources */ = {isa = PBXBuildFile; fileRef = 7596CA482A532878006EFFD0 /* ProfileTableViewHeader.swift */; };
		75AF1BB52A61F5B80051C2DD /* ProfileViewViewModel.swift in Sources */ = {isa = PBXBuildFile; fileRef = 75AF1BB42A61F5B80051C2DD /* ProfileViewViewModel.swift */; };
		75AF1BB82A61FEC00051C2DD /* SDWebImage in Frameworks */ = {isa = PBXBuildFile; productRef = 75AF1BB72A61FEC00051C2DD /* SDWebImage */; };
		75E475E32A51EC79004FF7F2 /* ProfileViewController.swift in Sources */ = {isa = PBXBuildFile; fileRef = 75E475E22A51EC79004FF7F2 /* ProfileViewController.swift */; };
		75EB92152A57359D004A37D3 /* GoogleService-Info.plist in Resources */ = {isa = PBXBuildFile; fileRef = 75EB92142A57359C004A37D3 /* GoogleService-Info.plist */; };
		75EB92182A5737AE004A37D3 /* FirebaseAuth in Frameworks */ = {isa = PBXBuildFile; productRef = 75EB92172A5737AE004A37D3 /* FirebaseAuth */; };
		75EB921A2A5737AE004A37D3 /* FirebaseAuthCombine-Community in Frameworks */ = {isa = PBXBuildFile; productRef = 75EB92192A5737AE004A37D3 /* FirebaseAuthCombine-Community */; };
		75EB921C2A5737AE004A37D3 /* FirebaseDatabase in Frameworks */ = {isa = PBXBuildFile; productRef = 75EB921B2A5737AE004A37D3 /* FirebaseDatabase */; };
		75EB921E2A5737AE004A37D3 /* FirebaseDatabaseSwift in Frameworks */ = {isa = PBXBuildFile; productRef = 75EB921D2A5737AE004A37D3 /* FirebaseDatabaseSwift */; };
		75EB92202A5737AE004A37D3 /* FirebaseFirestore in Frameworks */ = {isa = PBXBuildFile; productRef = 75EB921F2A5737AE004A37D3 /* FirebaseFirestore */; };
		75EB92222A5737AE004A37D3 /* FirebaseFirestoreCombine-Community in Frameworks */ = {isa = PBXBuildFile; productRef = 75EB92212A5737AE004A37D3 /* FirebaseFirestoreCombine-Community */; };
		75EB92242A5737AE004A37D3 /* FirebaseFirestoreSwift in Frameworks */ = {isa = PBXBuildFile; productRef = 75EB92232A5737AE004A37D3 /* FirebaseFirestoreSwift */; };
		75EB92262A5737AE004A37D3 /* FirebaseStorage in Frameworks */ = {isa = PBXBuildFile; productRef = 75EB92252A5737AE004A37D3 /* FirebaseStorage */; };
		75EB92282A5737AE004A37D3 /* FirebaseStorageCombine-Community in Frameworks */ = {isa = PBXBuildFile; productRef = 75EB92272A5737AE004A37D3 /* FirebaseStorageCombine-Community */; };
		75EB922B2A5739DF004A37D3 /* OnboardingViewController.swift in Sources */ = {isa = PBXBuildFile; fileRef = 75EB922A2A5739DF004A37D3 /* OnboardingViewController.swift */; };
/* End PBXBuildFile section */

/* Begin PBXFileReference section */
		750E8D312A5C45FE004C62FF /* TwitterUser.swift */ = {isa = PBXFileReference; lastKnownFileType = sourcecode.swift; path = TwitterUser.swift; sourceTree = "<group>"; };
		750E8D332A5C6541004C62FF /* DatabaseManager.swift */ = {isa = PBXFileReference; lastKnownFileType = sourcecode.swift; path = DatabaseManager.swift; sourceTree = "<group>"; };
		750E8D352A5C6E3D004C62FF /* HomeViewViewModel.swift */ = {isa = PBXFileReference; lastKnownFileType = sourcecode.swift; path = HomeViewViewModel.swift; sourceTree = "<group>"; };
		750E8D372A5C9D2A004C62FF /* ProfileDataFormViewController.swift */ = {isa = PBXFileReference; lastKnownFileType = sourcecode.swift; path = ProfileDataFormViewController.swift; sourceTree = "<group>"; };
		750E8D392A5C9F55004C62FF /* ProfileDataFormViewViewModel.swift */ = {isa = PBXFileReference; lastKnownFileType = sourcecode.swift; path = ProfileDataFormViewViewModel.swift; sourceTree = "<group>"; };
		752248362A5B1E1A00E3CE4B /* LoginViewController.swift */ = {isa = PBXFileReference; lastKnownFileType = sourcecode.swift; path = LoginViewController.swift; sourceTree = "<group>"; };
		752F0BE82A59C328003E37FC /* AuthenticationViewModel.swift */ = {isa = PBXFileReference; lastKnownFileType = sourcecode.swift; path = AuthenticationViewModel.swift; sourceTree = "<group>"; };
		752F0BED2A59F68D003E37FC /* AuthManager.swift */ = {isa = PBXFileReference; lastKnownFileType = sourcecode.swift; path = AuthManager.swift; sourceTree = "<group>"; };
		75584D712A5865950074F94D /* RegisterViewController.swift */ = {isa = PBXFileReference; lastKnownFileType = sourcecode.swift; path = RegisterViewController.swift; sourceTree = "<group>"; };
		756C86972A4F6F9200E5D9F1 /* TweetTableViewCell.swift */ = {isa = PBXFileReference; lastKnownFileType = sourcecode.swift; path = TweetTableViewCell.swift; sourceTree = "<group>"; };
		756EBA552A6471AE00E68755 /* Tweet.swift */ = {isa = PBXFileReference; lastKnownFileType = sourcecode.swift; path = Tweet.swift; sourceTree = "<group>"; };
		756EBA572A6477A900E68755 /* TweetComposeViewViewModel.swift */ = {isa = PBXFileReference; lastKnownFileType = sourcecode.swift; path = TweetComposeViewViewModel.swift; sourceTree = "<group>"; };
		758908342A6098FA0079E5C6 /* StoreManager.swift */ = {isa = PBXFileReference; lastKnownFileType = sourcecode.swift; path = StoreManager.swift; sourceTree = "<group>"; };
		758BE9332A4DF88A0054E527 /* TwitterClone.app */ = {isa = PBXFileReference; explicitFileType = wrapper.application; includeInIndex = 0; path = TwitterClone.app; sourceTree = BUILT_PRODUCTS_DIR; };
		758BE9362A4DF88A0054E527 /* AppDelegate.swift */ = {isa = PBXFileReference; lastKnownFileType = sourcecode.swift; path = AppDelegate.swift; sourceTree = "<group>"; };
		758BE9382A4DF88A0054E527 /* SceneDelegate.swift */ = {isa = PBXFileReference; lastKnownFileType = sourcecode.swift; path = SceneDelegate.swift; sourceTree = "<group>"; };
		758BE93A2A4DF88A0054E527 /* MainTabbarViewController.swift */ = {isa = PBXFileReference; lastKnownFileType = sourcecode.swift; path = MainTabbarViewController.swift; sourceTree = "<group>"; };
		758BE93F2A4DF88D0054E527 /* Assets.xcassets */ = {isa = PBXFileReference; lastKnownFileType = folder.assetcatalog; path = Assets.xcassets; sourceTree = "<group>"; };
		758BE9422A4DF88D0054E527 /* Base */ = {isa = PBXFileReference; lastKnownFileType = file.storyboard; name = Base; path = Base.lproj/LaunchScreen.storyboard; sourceTree = "<group>"; };
		758BE9442A4DF88D0054E527 /* Info.plist */ = {isa = PBXFileReference; lastKnownFileType = text.plist.xml; path = Info.plist; sourceTree = "<group>"; };
		758BE94C2A4E260B0054E527 /* HomeViewController.swift */ = {isa = PBXFileReference; lastKnownFileType = sourcecode.swift; path = HomeViewController.swift; sourceTree = "<group>"; };
		758BE94E2A4E26200054E527 /* SearchViewController.swift */ = {isa = PBXFileReference; lastKnownFileType = sourcecode.swift; path = SearchViewController.swift; sourceTree = "<group>"; };
		758BE9502A4E263A0054E527 /* NotificationsViewController.swift */ = {isa = PBXFileReference; lastKnownFileType = sourcecode.swift; path = NotificationsViewController.swift; sourceTree = "<group>"; };
		758BE9522A4E26530054E527 /* DirectMessagesViewController.swift */ = {isa = PBXFileReference; lastKnownFileType = sourcecode.swift; path = DirectMessagesViewController.swift; sourceTree = "<group>"; };
		758E48E82A631FE9001B2F32 /* Extension+UIColor.swift */ = {isa = PBXFileReference; lastKnownFileType = sourcecode.swift; path = "Extension+UIColor.swift"; sourceTree = "<group>"; };
		758E48EA2A633BFE001B2F32 /* TweetComposeViewController.swift */ = {isa = PBXFileReference; lastKnownFileType = sourcecode.swift; path = TweetComposeViewController.swift; sourceTree = "<group>"; };
		7596CA482A532878006EFFD0 /* ProfileTableViewHeader.swift */ = {isa = PBXFileReference; lastKnownFileType = sourcecode.swift; path = ProfileTableViewHeader.swift; sourceTree = "<group>"; };
		75AF1BB42A61F5B80051C2DD /* ProfileViewViewModel.swift */ = {isa = PBXFileReference; lastKnownFileType = sourcecode.swift; path = ProfileViewViewModel.swift; sourceTree = "<group>"; };
		75E475E22A51EC79004FF7F2 /* ProfileViewController.swift */ = {isa = PBXFileReference; lastKnownFileType = sourcecode.swift; path = ProfileViewController.swift; sourceTree = "<group>"; };
		75EB92142A57359C004A37D3 /* GoogleService-Info.plist */ = {isa = PBXFileReference; fileEncoding = 4; lastKnownFileType = text.plist.xml; path = "GoogleService-Info.plist"; sourceTree = "<group>"; };
		75EB922A2A5739DF004A37D3 /* OnboardingViewController.swift */ = {isa = PBXFileReference; lastKnownFileType = sourcecode.swift; path = OnboardingViewController.swift; sourceTree = "<group>"; };
/* End PBXFileReference section */

/* Begin PBXFrameworksBuildPhase section */
		758BE9302A4DF88A0054E527 /* Frameworks */ = {
			isa = PBXFrameworksBuildPhase;
			buildActionMask = 2147483647;
			files = (
				75EB921E2A5737AE004A37D3 /* FirebaseDatabaseSwift in Frameworks */,
				75EB921C2A5737AE004A37D3 /* FirebaseDatabase in Frameworks */,
				75EB92182A5737AE004A37D3 /* FirebaseAuth in Frameworks */,
				75EB92242A5737AE004A37D3 /* FirebaseFirestoreSwift in Frameworks */,
				75AF1BB82A61FEC00051C2DD /* SDWebImage in Frameworks */,
				75EB92222A5737AE004A37D3 /* FirebaseFirestoreCombine-Community in Frameworks */,
				75EB92262A5737AE004A37D3 /* FirebaseStorage in Frameworks */,
				75EB92202A5737AE004A37D3 /* FirebaseFirestore in Frameworks */,
				75EB92282A5737AE004A37D3 /* FirebaseStorageCombine-Community in Frameworks */,
				75EB921A2A5737AE004A37D3 /* FirebaseAuthCombine-Community in Frameworks */,
			);
			runOnlyForDeploymentPostprocessing = 0;
		};
/* End PBXFrameworksBuildPhase section */

/* Begin PBXGroup section */
		750E8D302A5C45E1004C62FF /* Models */ = {
			isa = PBXGroup;
			children = (
				750E8D312A5C45FE004C62FF /* TwitterUser.swift */,
				756EBA552A6471AE00E68755 /* Tweet.swift */,
			);
			path = Models;
			sourceTree = "<group>";
		};
		752F0BE72A59C308003E37FC /* ViewModels */ = {
			isa = PBXGroup;
			children = (
				752F0BE82A59C328003E37FC /* AuthenticationViewModel.swift */,
				750E8D352A5C6E3D004C62FF /* HomeViewViewModel.swift */,
				750E8D392A5C9F55004C62FF /* ProfileDataFormViewViewModel.swift */,
				75AF1BB42A61F5B80051C2DD /* ProfileViewViewModel.swift */,
				756EBA572A6477A900E68755 /* TweetComposeViewViewModel.swift */,
			);
			path = ViewModels;
			sourceTree = "<group>";
		};
		752F0BEA2A59F669003E37FC /* Networking */ = {
			isa = PBXGroup;
			children = (
				752F0BED2A59F68D003E37FC /* AuthManager.swift */,
				750E8D332A5C6541004C62FF /* DatabaseManager.swift */,
				758908342A6098FA0079E5C6 /* StoreManager.swift */,
			);
			path = Networking;
			sourceTree = "<group>";
		};
		756C86962A4F6DF700E5D9F1 /* Views */ = {
			isa = PBXGroup;
			children = (
				756C86972A4F6F9200E5D9F1 /* TweetTableViewCell.swift */,
				7596CA482A532878006EFFD0 /* ProfileTableViewHeader.swift */,
			);
			path = Views;
			sourceTree = "<group>";
		};
		758BE92A2A4DF88A0054E527 = {
			isa = PBXGroup;
			children = (
				758BE9352A4DF88A0054E527 /* TwitterClone */,
				758BE9342A4DF88A0054E527 /* Products */,
			);
			sourceTree = "<group>";
		};
		758BE9342A4DF88A0054E527 /* Products */ = {
			isa = PBXGroup;
			children = (
				758BE9332A4DF88A0054E527 /* TwitterClone.app */,
			);
			name = Products;
			sourceTree = "<group>";
		};
		758BE9352A4DF88A0054E527 /* TwitterClone */ = {
			isa = PBXGroup;
			children = (
				758E48E72A631FB6001B2F32 /* Extensions */,
				750E8D302A5C45E1004C62FF /* Models */,
				752F0BEA2A59F669003E37FC /* Networking */,
				752F0BE72A59C308003E37FC /* ViewModels */,
				756C86962A4F6DF700E5D9F1 /* Views */,
				758BE94A2A4E25CE0054E527 /* Controllers */,
				758BE9362A4DF88A0054E527 /* AppDelegate.swift */,
				758BE9382A4DF88A0054E527 /* SceneDelegate.swift */,
				758BE93F2A4DF88D0054E527 /* Assets.xcassets */,
				758BE9412A4DF88D0054E527 /* LaunchScreen.storyboard */,
				758BE9442A4DF88D0054E527 /* Info.plist */,
				75EB92142A57359C004A37D3 /* GoogleService-Info.plist */,
			);
			path = TwitterClone;
			sourceTree = "<group>";
		};
		758BE94A2A4E25CE0054E527 /* Controllers */ = {
			isa = PBXGroup;
			children = (
				75EB92292A5739BC004A37D3 /* Onboarding */,
				75E475E12A51EC57004FF7F2 /* General */,
				758BE94B2A4E25DE0054E527 /* Core */,
			);
			path = Controllers;
			sourceTree = "<group>";
		};
		758BE94B2A4E25DE0054E527 /* Core */ = {
			isa = PBXGroup;
			children = (
				758BE93A2A4DF88A0054E527 /* MainTabbarViewController.swift */,
				758BE94C2A4E260B0054E527 /* HomeViewController.swift */,
				758BE94E2A4E26200054E527 /* SearchViewController.swift */,
				758BE9502A4E263A0054E527 /* NotificationsViewController.swift */,
				758BE9522A4E26530054E527 /* DirectMessagesViewController.swift */,
			);
			path = Core;
			sourceTree = "<group>";
		};
		758E48E72A631FB6001B2F32 /* Extensions */ = {
			isa = PBXGroup;
			children = (
				758E48E82A631FE9001B2F32 /* Extension+UIColor.swift */,
			);
			path = Extensions;
			sourceTree = "<group>";
		};
		75E475E12A51EC57004FF7F2 /* General */ = {
			isa = PBXGroup;
			children = (
				75E475E22A51EC79004FF7F2 /* ProfileViewController.swift */,
				750E8D372A5C9D2A004C62FF /* ProfileDataFormViewController.swift */,
			);
			path = General;
			sourceTree = "<group>";
		};
		75EB92292A5739BC004A37D3 /* Onboarding */ = {
			isa = PBXGroup;
			children = (
				75EB922A2A5739DF004A37D3 /* OnboardingViewController.swift */,
				75584D712A5865950074F94D /* RegisterViewController.swift */,
				752248362A5B1E1A00E3CE4B /* LoginViewController.swift */,
				758E48EA2A633BFE001B2F32 /* TweetComposeViewController.swift */,
			);
			path = Onboarding;
			sourceTree = "<group>";
		};
/* End PBXGroup section */

/* Begin PBXNativeTarget section */
		758BE9322A4DF88A0054E527 /* TwitterClone */ = {
			isa = PBXNativeTarget;
			buildConfigurationList = 758BE9472A4DF88D0054E527 /* Build configuration list for PBXNativeTarget "TwitterClone" */;
			buildPhases = (
				758BE92F2A4DF88A0054E527 /* Sources */,
				758BE9302A4DF88A0054E527 /* Frameworks */,
				758BE9312A4DF88A0054E527 /* Resources */,
			);
			buildRules = (
			);
			dependencies = (
			);
			name = TwitterClone;
			packageProductDependencies = (
				75EB92172A5737AE004A37D3 /* FirebaseAuth */,
				75EB92192A5737AE004A37D3 /* FirebaseAuthCombine-Community */,
				75EB921B2A5737AE004A37D3 /* FirebaseDatabase */,
				75EB921D2A5737AE004A37D3 /* FirebaseDatabaseSwift */,
				75EB921F2A5737AE004A37D3 /* FirebaseFirestore */,
				75EB92212A5737AE004A37D3 /* FirebaseFirestoreCombine-Community */,
				75EB92232A5737AE004A37D3 /* FirebaseFirestoreSwift */,
				75EB92252A5737AE004A37D3 /* FirebaseStorage */,
				75EB92272A5737AE004A37D3 /* FirebaseStorageCombine-Community */,
				75AF1BB72A61FEC00051C2DD /* SDWebImage */,
			);
			productName = TwitterClone;
			productReference = 758BE9332A4DF88A0054E527 /* TwitterClone.app */;
			productType = "com.apple.product-type.application";
		};
/* End PBXNativeTarget section */

/* Begin PBXProject section */
		758BE92B2A4DF88A0054E527 /* Project object */ = {
			isa = PBXProject;
			attributes = {
				BuildIndependentTargetsInParallel = 1;
				LastSwiftUpdateCheck = 1430;
				LastUpgradeCheck = 1430;
				TargetAttributes = {
					758BE9322A4DF88A0054E527 = {
						CreatedOnToolsVersion = 14.3.1;
					};
				};
			};
			buildConfigurationList = 758BE92E2A4DF88A0054E527 /* Build configuration list for PBXProject "TwitterClone" */;
			compatibilityVersion = "Xcode 14.0";
			developmentRegion = en;
			hasScannedForEncodings = 0;
			knownRegions = (
				en,
				Base,
			);
			mainGroup = 758BE92A2A4DF88A0054E527;
			packageReferences = (
				75EB92162A5737AE004A37D3 /* XCRemoteSwiftPackageReference "firebase-ios-sdk" */,
				75AF1BB62A61FEC00051C2DD /* XCRemoteSwiftPackageReference "SDWebImage" */,
			);
			productRefGroup = 758BE9342A4DF88A0054E527 /* Products */;
			projectDirPath = "";
			projectRoot = "";
			targets = (
				758BE9322A4DF88A0054E527 /* TwitterClone */,
			);
		};
/* End PBXProject section */

/* Begin PBXResourcesBuildPhase section */
		758BE9312A4DF88A0054E527 /* Resources */ = {
			isa = PBXResourcesBuildPhase;
			buildActionMask = 2147483647;
			files = (
				758BE9432A4DF88D0054E527 /* LaunchScreen.storyboard in Resources */,
				758BE9402A4DF88D0054E527 /* Assets.xcassets in Resources */,
				75EB92152A57359D004A37D3 /* GoogleService-Info.plist in Resources */,
			);
			runOnlyForDeploymentPostprocessing = 0;
		};
/* End PBXResourcesBuildPhase section */

/* Begin PBXSourcesBuildPhase section */
		758BE92F2A4DF88A0054E527 /* Sources */ = {
			isa = PBXSourcesBuildPhase;
			buildActionMask = 2147483647;
			files = (
				758BE94F2A4E26200054E527 /* SearchViewController.swift in Sources */,
				752F0BEE2A59F68D003E37FC /* AuthManager.swift in Sources */,
				758E48EB2A633BFE001B2F32 /* TweetComposeViewController.swift in Sources */,
				758BE93B2A4DF88A0054E527 /* MainTabbarViewController.swift in Sources */,
				752248372A5B1E1A00E3CE4B /* LoginViewController.swift in Sources */,
				750E8D342A5C6541004C62FF /* DatabaseManager.swift in Sources */,
				758BE9372A4DF88A0054E527 /* AppDelegate.swift in Sources */,
				75584D722A5865950074F94D /* RegisterViewController.swift in Sources */,
				75AF1BB52A61F5B80051C2DD /* ProfileViewViewModel.swift in Sources */,
				758BE9512A4E263A0054E527 /* NotificationsViewController.swift in Sources */,
				758BE9392A4DF88A0054E527 /* SceneDelegate.swift in Sources */,
				756EBA562A6471AE00E68755 /* Tweet.swift in Sources */,
				758BE94D2A4E260B0054E527 /* HomeViewController.swift in Sources */,
				75E475E32A51EC79004FF7F2 /* ProfileViewController.swift in Sources */,
				756EBA582A6477A900E68755 /* TweetComposeViewViewModel.swift in Sources */,
				750E8D3A2A5C9F55004C62FF /* ProfileDataFormViewViewModel.swift in Sources */,
				752F0BE92A59C328003E37FC /* AuthenticationViewModel.swift in Sources */,
				758E48E92A631FE9001B2F32 /* Extension+UIColor.swift in Sources */,
				758BE9532A4E26530054E527 /* DirectMessagesViewController.swift in Sources */,
				7596CA492A532878006EFFD0 /* ProfileTableViewHeader.swift in Sources */,
				758908352A6098FA0079E5C6 /* StoreManager.swift in Sources */,
				750E8D382A5C9D2A004C62FF /* ProfileDataFormViewController.swift in Sources */,
				75EB922B2A5739DF004A37D3 /* OnboardingViewController.swift in Sources */,
				750E8D322A5C45FE004C62FF /* TwitterUser.swift in Sources */,
				750E8D362A5C6E3D004C62FF /* HomeViewViewModel.swift in Sources */,
				756C86982A4F6F9200E5D9F1 /* TweetTableViewCell.swift in Sources */,
			);
			runOnlyForDeploymentPostprocessing = 0;
		};
/* End PBXSourcesBuildPhase section */

/* Begin PBXVariantGroup section */
		758BE9412A4DF88D0054E527 /* LaunchScreen.storyboard */ = {
			isa = PBXVariantGroup;
			children = (
				758BE9422A4DF88D0054E527 /* Base */,
			);
			name = LaunchScreen.storyboard;
			sourceTree = "<group>";
		};
/* End PBXVariantGroup section */

/* Begin XCBuildConfiguration section */
		758BE9452A4DF88D0054E527 /* Debug */ = {
			isa = XCBuildConfiguration;
			buildSettings = {
				ALWAYS_SEARCH_USER_PATHS = NO;
				CLANG_ANALYZER_NONNULL = YES;
				CLANG_ANALYZER_NUMBER_OBJECT_CONVERSION = YES_AGGRESSIVE;
				CLANG_CXX_LANGUAGE_STANDARD = "gnu++20";
				CLANG_ENABLE_MODULES = YES;
				CLANG_ENABLE_OBJC_ARC = YES;
				CLANG_ENABLE_OBJC_WEAK = YES;
				CLANG_WARN_BLOCK_CAPTURE_AUTORELEASING = YES;
				CLANG_WARN_BOOL_CONVERSION = YES;
				CLANG_WARN_COMMA = YES;
				CLANG_WARN_CONSTANT_CONVERSION = YES;
				CLANG_WARN_DEPRECATED_OBJC_IMPLEMENTATIONS = YES;
				CLANG_WARN_DIRECT_OBJC_ISA_USAGE = YES_ERROR;
				CLANG_WARN_DOCUMENTATION_COMMENTS = YES;
				CLANG_WARN_EMPTY_BODY = YES;
				CLANG_WARN_ENUM_CONVERSION = YES;
				CLANG_WARN_INFINITE_RECURSION = YES;
				CLANG_WARN_INT_CONVERSION = YES;
				CLANG_WARN_NON_LITERAL_NULL_CONVERSION = YES;
				CLANG_WARN_OBJC_IMPLICIT_RETAIN_SELF = YES;
				CLANG_WARN_OBJC_LITERAL_CONVERSION = YES;
				CLANG_WARN_OBJC_ROOT_CLASS = YES_ERROR;
				CLANG_WARN_QUOTED_INCLUDE_IN_FRAMEWORK_HEADER = YES;
				CLANG_WARN_RANGE_LOOP_ANALYSIS = YES;
				CLANG_WARN_STRICT_PROTOTYPES = YES;
				CLANG_WARN_SUSPICIOUS_MOVE = YES;
				CLANG_WARN_UNGUARDED_AVAILABILITY = YES_AGGRESSIVE;
				CLANG_WARN_UNREACHABLE_CODE = YES;
				CLANG_WARN__DUPLICATE_METHOD_MATCH = YES;
				COPY_PHASE_STRIP = NO;
				DEBUG_INFORMATION_FORMAT = dwarf;
				ENABLE_STRICT_OBJC_MSGSEND = YES;
				ENABLE_TESTABILITY = YES;
				GCC_C_LANGUAGE_STANDARD = gnu11;
				GCC_DYNAMIC_NO_PIC = NO;
				GCC_NO_COMMON_BLOCKS = YES;
				GCC_OPTIMIZATION_LEVEL = 0;
				GCC_PREPROCESSOR_DEFINITIONS = (
					"DEBUG=1",
					"$(inherited)",
				);
				GCC_WARN_64_TO_32_BIT_CONVERSION = YES;
				GCC_WARN_ABOUT_RETURN_TYPE = YES_ERROR;
				GCC_WARN_UNDECLARED_SELECTOR = YES;
				GCC_WARN_UNINITIALIZED_AUTOS = YES_AGGRESSIVE;
				GCC_WARN_UNUSED_FUNCTION = YES;
				GCC_WARN_UNUSED_VARIABLE = YES;
				IPHONEOS_DEPLOYMENT_TARGET = 16.4;
				MTL_ENABLE_DEBUG_INFO = INCLUDE_SOURCE;
				MTL_FAST_MATH = YES;
				ONLY_ACTIVE_ARCH = YES;
				SDKROOT = iphoneos;
				SWIFT_ACTIVE_COMPILATION_CONDITIONS = DEBUG;
				SWIFT_OPTIMIZATION_LEVEL = "-Onone";
			};
			name = Debug;
		};
		758BE9462A4DF88D0054E527 /* Release */ = {
			isa = XCBuildConfiguration;
			buildSettings = {
				ALWAYS_SEARCH_USER_PATHS = NO;
				CLANG_ANALYZER_NONNULL = YES;
				CLANG_ANALYZER_NUMBER_OBJECT_CONVERSION = YES_AGGRESSIVE;
				CLANG_CXX_LANGUAGE_STANDARD = "gnu++20";
				CLANG_ENABLE_MODULES = YES;
				CLANG_ENABLE_OBJC_ARC = YES;
				CLANG_ENABLE_OBJC_WEAK = YES;
				CLANG_WARN_BLOCK_CAPTURE_AUTORELEASING = YES;
				CLANG_WARN_BOOL_CONVERSION = YES;
				CLANG_WARN_COMMA = YES;
				CLANG_WARN_CONSTANT_CONVERSION = YES;
				CLANG_WARN_DEPRECATED_OBJC_IMPLEMENTATIONS = YES;
				CLANG_WARN_DIRECT_OBJC_ISA_USAGE = YES_ERROR;
				CLANG_WARN_DOCUMENTATION_COMMENTS = YES;
				CLANG_WARN_EMPTY_BODY = YES;
				CLANG_WARN_ENUM_CONVERSION = YES;
				CLANG_WARN_INFINITE_RECURSION = YES;
				CLANG_WARN_INT_CONVERSION = YES;
				CLANG_WARN_NON_LITERAL_NULL_CONVERSION = YES;
				CLANG_WARN_OBJC_IMPLICIT_RETAIN_SELF = YES;
				CLANG_WARN_OBJC_LITERAL_CONVERSION = YES;
				CLANG_WARN_OBJC_ROOT_CLASS = YES_ERROR;
				CLANG_WARN_QUOTED_INCLUDE_IN_FRAMEWORK_HEADER = YES;
				CLANG_WARN_RANGE_LOOP_ANALYSIS = YES;
				CLANG_WARN_STRICT_PROTOTYPES = YES;
				CLANG_WARN_SUSPICIOUS_MOVE = YES;
				CLANG_WARN_UNGUARDED_AVAILABILITY = YES_AGGRESSIVE;
				CLANG_WARN_UNREACHABLE_CODE = YES;
				CLANG_WARN__DUPLICATE_METHOD_MATCH = YES;
				COPY_PHASE_STRIP = NO;
				DEBUG_INFORMATION_FORMAT = "dwarf-with-dsym";
				ENABLE_NS_ASSERTIONS = NO;
				ENABLE_STRICT_OBJC_MSGSEND = YES;
				GCC_C_LANGUAGE_STANDARD = gnu11;
				GCC_NO_COMMON_BLOCKS = YES;
				GCC_WARN_64_TO_32_BIT_CONVERSION = YES;
				GCC_WARN_ABOUT_RETURN_TYPE = YES_ERROR;
				GCC_WARN_UNDECLARED_SELECTOR = YES;
				GCC_WARN_UNINITIALIZED_AUTOS = YES_AGGRESSIVE;
				GCC_WARN_UNUSED_FUNCTION = YES;
				GCC_WARN_UNUSED_VARIABLE = YES;
				IPHONEOS_DEPLOYMENT_TARGET = 16.4;
				MTL_ENABLE_DEBUG_INFO = NO;
				MTL_FAST_MATH = YES;
				SDKROOT = iphoneos;
				SWIFT_COMPILATION_MODE = wholemodule;
				SWIFT_OPTIMIZATION_LEVEL = "-O";
				VALIDATE_PRODUCT = YES;
			};
			name = Release;
		};
		758BE9482A4DF88D0054E527 /* Debug */ = {
			isa = XCBuildConfiguration;
			buildSettings = {
				ASSETCATALOG_COMPILER_APPICON_NAME = AppIcon;
				ASSETCATALOG_COMPILER_GLOBAL_ACCENT_COLOR_NAME = AccentColor;
				CODE_SIGN_STYLE = Automatic;
				CURRENT_PROJECT_VERSION = 1;
				DEVELOPMENT_TEAM = VM55LWG8PP;
				GENERATE_INFOPLIST_FILE = YES;
				INFOPLIST_FILE = TwitterClone/Info.plist;
				INFOPLIST_KEY_UIApplicationSupportsIndirectInputEvents = YES;
				INFOPLIST_KEY_UILaunchStoryboardName = LaunchScreen;
				INFOPLIST_KEY_UISupportedInterfaceOrientations_iPad = "UIInterfaceOrientationPortrait UIInterfaceOrientationPortraitUpsideDown UIInterfaceOrientationLandscapeLeft UIInterfaceOrientationLandscapeRight";
				INFOPLIST_KEY_UISupportedInterfaceOrientations_iPhone = "UIInterfaceOrientationPortrait UIInterfaceOrientationLandscapeLeft UIInterfaceOrientationLandscapeRight";
				LD_RUNPATH_SEARCH_PATHS = (
					"$(inherited)",
					"@executable_path/Frameworks",
				);
				MARKETING_VERSION = 1.0;
				PRODUCT_BUNDLE_IDENTIFIER = com.elizeurs.TwitterClone;
				PRODUCT_NAME = "$(TARGET_NAME)";
				SWIFT_EMIT_LOC_STRINGS = YES;
				SWIFT_VERSION = 5.0;
				TARGETED_DEVICE_FAMILY = "1,2";
			};
			name = Debug;
		};
		758BE9492A4DF88D0054E527 /* Release */ = {
			isa = XCBuildConfiguration;
			buildSettings = {
				ASSETCATALOG_COMPILER_APPICON_NAME = AppIcon;
				ASSETCATALOG_COMPILER_GLOBAL_ACCENT_COLOR_NAME = AccentColor;
				CODE_SIGN_STYLE = Automatic;
				CURRENT_PROJECT_VERSION = 1;
				DEVELOPMENT_TEAM = VM55LWG8PP;
				GENERATE_INFOPLIST_FILE = YES;
				INFOPLIST_FILE = TwitterClone/Info.plist;
				INFOPLIST_KEY_UIApplicationSupportsIndirectInputEvents = YES;
				INFOPLIST_KEY_UILaunchStoryboardName = LaunchScreen;
				INFOPLIST_KEY_UISupportedInterfaceOrientations_iPad = "UIInterfaceOrientationPortrait UIInterfaceOrientationPortraitUpsideDown UIInterfaceOrientationLandscapeLeft UIInterfaceOrientationLandscapeRight";
				INFOPLIST_KEY_UISupportedInterfaceOrientations_iPhone = "UIInterfaceOrientationPortrait UIInterfaceOrientationLandscapeLeft UIInterfaceOrientationLandscapeRight";
				LD_RUNPATH_SEARCH_PATHS = (
					"$(inherited)",
					"@executable_path/Frameworks",
				);
				MARKETING_VERSION = 1.0;
				PRODUCT_BUNDLE_IDENTIFIER = com.elizeurs.TwitterClone;
				PRODUCT_NAME = "$(TARGET_NAME)";
				SWIFT_EMIT_LOC_STRINGS = YES;
				SWIFT_VERSION = 5.0;
				TARGETED_DEVICE_FAMILY = "1,2";
			};
			name = Release;
		};
/* End XCBuildConfiguration section */

/* Begin XCConfigurationList section */
		758BE92E2A4DF88A0054E527 /* Build configuration list for PBXProject "TwitterClone" */ = {
			isa = XCConfigurationList;
			buildConfigurations = (
				758BE9452A4DF88D0054E527 /* Debug */,
				758BE9462A4DF88D0054E527 /* Release */,
			);
			defaultConfigurationIsVisible = 0;
			defaultConfigurationName = Release;
		};
		758BE9472A4DF88D0054E527 /* Build configuration list for PBXNativeTarget "TwitterClone" */ = {
			isa = XCConfigurationList;
			buildConfigurations = (
				758BE9482A4DF88D0054E527 /* Debug */,
				758BE9492A4DF88D0054E527 /* Release */,
			);
			defaultConfigurationIsVisible = 0;
			defaultConfigurationName = Release;
		};
/* End XCConfigurationList section */

/* Begin XCRemoteSwiftPackageReference section */
		75AF1BB62A61FEC00051C2DD /* XCRemoteSwiftPackageReference "SDWebImage" */ = {
			isa = XCRemoteSwiftPackageReference;
			repositoryURL = "https://github.com/SDWebImage/SDWebImage";
			requirement = {
				branch = master;
				kind = branch;
			};
		};
		75EB92162A5737AE004A37D3 /* XCRemoteSwiftPackageReference "firebase-ios-sdk" */ = {
			isa = XCRemoteSwiftPackageReference;
			repositoryURL = "https://github.com/firebase/firebase-ios-sdk";
			requirement = {
				kind = upToNextMinorVersion;
				minimumVersion = 9.6.0;
			};
		};
/* End XCRemoteSwiftPackageReference section */

/* Begin XCSwiftPackageProductDependency section */
		75AF1BB72A61FEC00051C2DD /* SDWebImage */ = {
			isa = XCSwiftPackageProductDependency;
			package = 75AF1BB62A61FEC00051C2DD /* XCRemoteSwiftPackageReference "SDWebImage" */;
			productName = SDWebImage;
		};
		75EB92172A5737AE004A37D3 /* FirebaseAuth */ = {
			isa = XCSwiftPackageProductDependency;
			package = 75EB92162A5737AE004A37D3 /* XCRemoteSwiftPackageReference "firebase-ios-sdk" */;
			productName = FirebaseAuth;
		};
		75EB92192A5737AE004A37D3 /* FirebaseAuthCombine-Community */ = {
			isa = XCSwiftPackageProductDependency;
			package = 75EB92162A5737AE004A37D3 /* XCRemoteSwiftPackageReference "firebase-ios-sdk" */;
			productName = "FirebaseAuthCombine-Community";
		};
		75EB921B2A5737AE004A37D3 /* FirebaseDatabase */ = {
			isa = XCSwiftPackageProductDependency;
			package = 75EB92162A5737AE004A37D3 /* XCRemoteSwiftPackageReference "firebase-ios-sdk" */;
			productName = FirebaseDatabase;
		};
		75EB921D2A5737AE004A37D3 /* FirebaseDatabaseSwift */ = {
			isa = XCSwiftPackageProductDependency;
			package = 75EB92162A5737AE004A37D3 /* XCRemoteSwiftPackageReference "firebase-ios-sdk" */;
			productName = FirebaseDatabaseSwift;
		};
		75EB921F2A5737AE004A37D3 /* FirebaseFirestore */ = {
			isa = XCSwiftPackageProductDependency;
			package = 75EB92162A5737AE004A37D3 /* XCRemoteSwiftPackageReference "firebase-ios-sdk" */;
			productName = FirebaseFirestore;
		};
		75EB92212A5737AE004A37D3 /* FirebaseFirestoreCombine-Community */ = {
			isa = XCSwiftPackageProductDependency;
			package = 75EB92162A5737AE004A37D3 /* XCRemoteSwiftPackageReference "firebase-ios-sdk" */;
			productName = "FirebaseFirestoreCombine-Community";
		};
		75EB92232A5737AE004A37D3 /* FirebaseFirestoreSwift */ = {
			isa = XCSwiftPackageProductDependency;
			package = 75EB92162A5737AE004A37D3 /* XCRemoteSwiftPackageReference "firebase-ios-sdk" */;
			productName = FirebaseFirestoreSwift;
		};
		75EB92252A5737AE004A37D3 /* FirebaseStorage */ = {
			isa = XCSwiftPackageProductDependency;
			package = 75EB92162A5737AE004A37D3 /* XCRemoteSwiftPackageReference "firebase-ios-sdk" */;
			productName = FirebaseStorage;
		};
		75EB92272A5737AE004A37D3 /* FirebaseStorageCombine-Community */ = {
			isa = XCSwiftPackageProductDependency;
			package = 75EB92162A5737AE004A37D3 /* XCRemoteSwiftPackageReference "firebase-ios-sdk" */;
			productName = "FirebaseStorageCombine-Community";
		};
/* End XCSwiftPackageProductDependency section */
	};
	rootObject = 758BE92B2A4DF88A0054E527 /* Project object */;
}
